
Microsoft Visual Studio Solution File, Format Version 12.00
# Visual Studio 15
VisualStudioVersion = 15.0.26430.6
MinimumVisualStudioVersion = 10.0.40219.1
Project("{FAE04EC0-301F-11D3-BF4B-00C04F79EFBC}") = "SlackGithub", "SlackGithub\SlackGithub.csproj", "{7C34873D-FB8D-4B91-B460-EE852362BD0C}"
EndProject
Project("{FAE04EC0-301F-11D3-BF4B-00C04F79EFBC}") = "SlackGithub.Tests", "SlackGithub.Tests\SlackGithub.Tests.csproj", "{EA1883D7-93F0-4EF6-AAEE-00D994886158}"
EndProject
Global
	GlobalSection(SolutionConfigurationPlatforms) = preSolution
		Debug|Any CPU = Debug|Any CPU
		Release|Any CPU = Release|Any CPU
	EndGlobalSection
	GlobalSection(ProjectConfigurationPlatforms) = postSolution
		{7C34873D-FB8D-4B91-B460-EE852362BD0C}.Debug|Any CPU.ActiveCfg = Debug|Any CPU
		{7C34873D-FB8D-4B91-B460-EE852362BD0C}.Debug|Any CPU.Build.0 = Debug|Any CPU
		{7C34873D-FB8D-4B91-B460-EE852362BD0C}.Release|Any CPU.ActiveCfg = Release|Any CPU
		{7C34873D-FB8D-4B91-B460-EE852362BD0C}.Release|Any CPU.Build.0 = Release|Any CPU
		{EA1883D7-93F0-4EF6-AAEE-00D994886158}.Debug|Any CPU.ActiveCfg = Debug|Any CPU
		{EA1883D7-93F0-4EF6-AAEE-00D994886158}.Debug|Any CPU.Build.0 = Debug|Any CPU
		{EA1883D7-93F0-4EF6-AAEE-00D994886158}.Release|Any CPU.ActiveCfg = Release|Any CPU
		{EA1883D7-93F0-4EF6-AAEE-00D994886158}.Release|Any CPU.Build.0 = Release|Any CPU
	EndGlobalSection
	GlobalSection(SolutionProperties) = preSolution
		HideSolutionNode = FALSE
	EndGlobalSection
EndGlobal
